// !$*UTF8*$!
{
	archiveVersion = 1;
	classes = {
	};
	objectVersion = 55;
	objects = {

/* Begin PBXBuildFile section */
		477F0B3427D4EAE000A87189 /* AppDelegate.swift in Sources */ = {isa = PBXBuildFile; fileRef = 477F0B3327D4EAE000A87189 /* AppDelegate.swift */; };
		477F0B3627D4EAE000A87189 /* SceneDelegate.swift in Sources */ = {isa = PBXBuildFile; fileRef = 477F0B3527D4EAE000A87189 /* SceneDelegate.swift */; };
		477F0B3827D4EAE000A87189 /* MainTabBarViewController.swift in Sources */ = {isa = PBXBuildFile; fileRef = 477F0B3727D4EAE000A87189 /* MainTabBarViewController.swift */; };
		477F0B3D27D4EAE300A87189 /* Assets.xcassets in Resources */ = {isa = PBXBuildFile; fileRef = 477F0B3C27D4EAE300A87189 /* Assets.xcassets */; };
		477F0B4027D4EAE300A87189 /* LaunchScreen.storyboard in Resources */ = {isa = PBXBuildFile; fileRef = 477F0B3E27D4EAE300A87189 /* LaunchScreen.storyboard */; };
		477F0B4B27D4EAE400A87189 /* NetflixCloneTests.swift in Sources */ = {isa = PBXBuildFile; fileRef = 477F0B4A27D4EAE400A87189 /* NetflixCloneTests.swift */; };
		477F0B5527D4EAE400A87189 /* NetflixCloneUITests.swift in Sources */ = {isa = PBXBuildFile; fileRef = 477F0B5427D4EAE400A87189 /* NetflixCloneUITests.swift */; };
		477F0B5727D4EAE400A87189 /* NetflixCloneUITestsLaunchTests.swift in Sources */ = {isa = PBXBuildFile; fileRef = 477F0B5627D4EAE400A87189 /* NetflixCloneUITestsLaunchTests.swift */; };
		477F0B6527D4EC0800A87189 /* HomeViewController.swift in Sources */ = {isa = PBXBuildFile; fileRef = 477F0B6427D4EC0800A87189 /* HomeViewController.swift */; };
		47B74ACA27D4EEA200EF49B1 /* SearchViewController.swift in Sources */ = {isa = PBXBuildFile; fileRef = 47B74AC927D4EEA200EF49B1 /* SearchViewController.swift */; };
		47B74ACC27D4EEB700EF49B1 /* UpcomingViewController.swift in Sources */ = {isa = PBXBuildFile; fileRef = 47B74ACB27D4EEB700EF49B1 /* UpcomingViewController.swift */; };
		47B74ACE27D4EEC100EF49B1 /* DownloadsViewController.swift in Sources */ = {isa = PBXBuildFile; fileRef = 47B74ACD27D4EEC100EF49B1 /* DownloadsViewController.swift */; };
		47B74AD827D4F23E00EF49B1 /* CollectionViewTableViewCell.swift in Sources */ = {isa = PBXBuildFile; fileRef = 47B74AD727D4F23D00EF49B1 /* CollectionViewTableViewCell.swift */; };
		47B74ADA27D525B700EF49B1 /* HeroHeaderUIView.swift in Sources */ = {isa = PBXBuildFile; fileRef = 47B74AD927D525B700EF49B1 /* HeroHeaderUIView.swift */; };
		47B74ADC27D541F000EF49B1 /* APICaller.swift in Sources */ = {isa = PBXBuildFile; fileRef = 47B74ADB27D541F000EF49B1 /* APICaller.swift */; };
		47B74ADE27D544C500EF49B1 /* Title.swift in Sources */ = {isa = PBXBuildFile; fileRef = 47B74ADD27D544C500EF49B1 /* Title.swift */; };
		47B74AE027D7555700EF49B1 /* Extensions.swift in Sources */ = {isa = PBXBuildFile; fileRef = 47B74ADF27D7555700EF49B1 /* Extensions.swift */; };
		47DC293C27D760BF00F1099E /* TitleCollectionViewCell.swift in Sources */ = {isa = PBXBuildFile; fileRef = 47DC293B27D760BF00F1099E /* TitleCollectionViewCell.swift */; };
		47DC293F27D766B300F1099E /* SDWebImage in Frameworks */ = {isa = PBXBuildFile; productRef = 47DC293E27D766B300F1099E /* SDWebImage */; };
		47DC294127D766B300F1099E /* SDWebImageMapKit in Frameworks */ = {isa = PBXBuildFile; productRef = 47DC294027D766B300F1099E /* SDWebImageMapKit */; };
		47F5F1FB27D7EB15005813F1 /* TitleTableViewCell.swift in Sources */ = {isa = PBXBuildFile; fileRef = 47F5F1FA27D7EB15005813F1 /* TitleTableViewCell.swift */; };
		47F5F1FD27D7ED2E005813F1 /* TitleViewModel.swift in Sources */ = {isa = PBXBuildFile; fileRef = 47F5F1FC27D7ED2E005813F1 /* TitleViewModel.swift */; };
		47F5F1FF27D8B3B8005813F1 /* SearchResultsViewController.swift in Sources */ = {isa = PBXBuildFile; fileRef = 47F5F1FE27D8B3B8005813F1 /* SearchResultsViewController.swift */; };
/* End PBXBuildFile section */

/* Begin PBXContainerItemProxy section */
		477F0B4727D4EAE400A87189 /* PBXContainerItemProxy */ = {
			isa = PBXContainerItemProxy;
			containerPortal = 477F0B2827D4EAE000A87189 /* Project object */;
			proxyType = 1;
			remoteGlobalIDString = 477F0B2F27D4EAE000A87189;
			remoteInfo = NetflixClone;
		};
		477F0B5127D4EAE400A87189 /* PBXContainerItemProxy */ = {
			isa = PBXContainerItemProxy;
			containerPortal = 477F0B2827D4EAE000A87189 /* Project object */;
			proxyType = 1;
			remoteGlobalIDString = 477F0B2F27D4EAE000A87189;
			remoteInfo = NetflixClone;
		};
/* End PBXContainerItemProxy section */

/* Begin PBXFileReference section */
		477F0B3027D4EAE000A87189 /* NetflixClone.app */ = {isa = PBXFileReference; explicitFileType = wrapper.application; includeInIndex = 0; path = NetflixClone.app; sourceTree = BUILT_PRODUCTS_DIR; };
		477F0B3327D4EAE000A87189 /* AppDelegate.swift */ = {isa = PBXFileReference; lastKnownFileType = sourcecode.swift; path = AppDelegate.swift; sourceTree = "<group>"; };
		477F0B3527D4EAE000A87189 /* SceneDelegate.swift */ = {isa = PBXFileReference; lastKnownFileType = sourcecode.swift; path = SceneDelegate.swift; sourceTree = "<group>"; };
		477F0B3727D4EAE000A87189 /* MainTabBarViewController.swift */ = {isa = PBXFileReference; lastKnownFileType = sourcecode.swift; path = MainTabBarViewController.swift; sourceTree = "<group>"; };
		477F0B3C27D4EAE300A87189 /* Assets.xcassets */ = {isa = PBXFileReference; lastKnownFileType = folder.assetcatalog; path = Assets.xcassets; sourceTree = "<group>"; };
		477F0B3F27D4EAE300A87189 /* Base */ = {isa = PBXFileReference; lastKnownFileType = file.storyboard; name = Base; path = Base.lproj/LaunchScreen.storyboard; sourceTree = "<group>"; };
		477F0B4127D4EAE400A87189 /* Info.plist */ = {isa = PBXFileReference; lastKnownFileType = text.plist.xml; path = Info.plist; sourceTree = "<group>"; };
		477F0B4627D4EAE400A87189 /* NetflixCloneTests.xctest */ = {isa = PBXFileReference; explicitFileType = wrapper.cfbundle; includeInIndex = 0; path = NetflixCloneTests.xctest; sourceTree = BUILT_PRODUCTS_DIR; };
		477F0B4A27D4EAE400A87189 /* NetflixCloneTests.swift */ = {isa = PBXFileReference; lastKnownFileType = sourcecode.swift; path = NetflixCloneTests.swift; sourceTree = "<group>"; };
		477F0B5027D4EAE400A87189 /* NetflixCloneUITests.xctest */ = {isa = PBXFileReference; explicitFileType = wrapper.cfbundle; includeInIndex = 0; path = NetflixCloneUITests.xctest; sourceTree = BUILT_PRODUCTS_DIR; };
		477F0B5427D4EAE400A87189 /* NetflixCloneUITests.swift */ = {isa = PBXFileReference; lastKnownFileType = sourcecode.swift; path = NetflixCloneUITests.swift; sourceTree = "<group>"; };
		477F0B5627D4EAE400A87189 /* NetflixCloneUITestsLaunchTests.swift */ = {isa = PBXFileReference; lastKnownFileType = sourcecode.swift; path = NetflixCloneUITestsLaunchTests.swift; sourceTree = "<group>"; };
		477F0B6427D4EC0800A87189 /* HomeViewController.swift */ = {isa = PBXFileReference; lastKnownFileType = sourcecode.swift; path = HomeViewController.swift; sourceTree = "<group>"; };
		47B74AC927D4EEA200EF49B1 /* SearchViewController.swift */ = {isa = PBXFileReference; lastKnownFileType = sourcecode.swift; path = SearchViewController.swift; sourceTree = "<group>"; };
		47B74ACB27D4EEB700EF49B1 /* UpcomingViewController.swift */ = {isa = PBXFileReference; lastKnownFileType = sourcecode.swift; path = UpcomingViewController.swift; sourceTree = "<group>"; };
		47B74ACD27D4EEC100EF49B1 /* DownloadsViewController.swift */ = {isa = PBXFileReference; lastKnownFileType = sourcecode.swift; path = DownloadsViewController.swift; sourceTree = "<group>"; };
		47B74AD727D4F23D00EF49B1 /* CollectionViewTableViewCell.swift */ = {isa = PBXFileReference; lastKnownFileType = sourcecode.swift; path = CollectionViewTableViewCell.swift; sourceTree = "<group>"; };
		47B74AD927D525B700EF49B1 /* HeroHeaderUIView.swift */ = {isa = PBXFileReference; lastKnownFileType = sourcecode.swift; path = HeroHeaderUIView.swift; sourceTree = "<group>"; };
		47B74ADB27D541F000EF49B1 /* APICaller.swift */ = {isa = PBXFileReference; lastKnownFileType = sourcecode.swift; path = APICaller.swift; sourceTree = "<group>"; };
		47B74ADD27D544C500EF49B1 /* Title.swift */ = {isa = PBXFileReference; lastKnownFileType = sourcecode.swift; path = Title.swift; sourceTree = "<group>"; };
		47B74ADF27D7555700EF49B1 /* Extensions.swift */ = {isa = PBXFileReference; lastKnownFileType = sourcecode.swift; path = Extensions.swift; sourceTree = "<group>"; };
		47DC293B27D760BF00F1099E /* TitleCollectionViewCell.swift */ = {isa = PBXFileReference; lastKnownFileType = sourcecode.swift; path = TitleCollectionViewCell.swift; sourceTree = "<group>"; };
		47F5F1FA27D7EB15005813F1 /* TitleTableViewCell.swift */ = {isa = PBXFileReference; lastKnownFileType = sourcecode.swift; path = TitleTableViewCell.swift; sourceTree = "<group>"; };
		47F5F1FC27D7ED2E005813F1 /* TitleViewModel.swift */ = {isa = PBXFileReference; lastKnownFileType = sourcecode.swift; path = TitleViewModel.swift; sourceTree = "<group>"; };
		47F5F1FE27D8B3B8005813F1 /* SearchResultsViewController.swift */ = {isa = PBXFileReference; lastKnownFileType = sourcecode.swift; path = SearchResultsViewController.swift; sourceTree = "<group>"; };
/* End PBXFileReference section */

/* Begin PBXFrameworksBuildPhase section */
		477F0B2D27D4EAE000A87189 /* Frameworks */ = {
			isa = PBXFrameworksBuildPhase;
			buildActionMask = 2147483647;
			files = (
				47DC294127D766B300F1099E /* SDWebImageMapKit in Frameworks */,
				47DC293F27D766B300F1099E /* SDWebImage in Frameworks */,
			);
			runOnlyForDeploymentPostprocessing = 0;
		};
		477F0B4327D4EAE400A87189 /* Frameworks */ = {
			isa = PBXFrameworksBuildPhase;
			buildActionMask = 2147483647;
			files = (
			);
			runOnlyForDeploymentPostprocessing = 0;
		};
		477F0B4D27D4EAE400A87189 /* Frameworks */ = {
			isa = PBXFrameworksBuildPhase;
			buildActionMask = 2147483647;
			files = (
			);
			runOnlyForDeploymentPostprocessing = 0;
		};
/* End PBXFrameworksBuildPhase section */

/* Begin PBXGroup section */
		477F0B2727D4EAE000A87189 = {
			isa = PBXGroup;
			children = (
				477F0B3227D4EAE000A87189 /* NetflixClone */,
				477F0B4927D4EAE400A87189 /* NetflixCloneTests */,
				477F0B5327D4EAE400A87189 /* NetflixCloneUITests */,
				477F0B3127D4EAE000A87189 /* Products */,
			);
			sourceTree = "<group>";
		};
		477F0B3127D4EAE000A87189 /* Products */ = {
			isa = PBXGroup;
			children = (
				477F0B3027D4EAE000A87189 /* NetflixClone.app */,
				477F0B4627D4EAE400A87189 /* NetflixCloneTests.xctest */,
				477F0B5027D4EAE400A87189 /* NetflixCloneUITests.xctest */,
			);
			name = Products;
			sourceTree = "<group>";
		};
		477F0B3227D4EAE000A87189 /* NetflixClone */ = {
			isa = PBXGroup;
			children = (
				47B74AD627D4F20300EF49B1 /* Managers */,
				47B74AD527D4F1F800EF49B1 /* Resources */,
				47B74AD427D4F15800EF49B1 /* Models */,
				47B74ACF27D4F0F900EF49B1 /* Views */,
				47B74AD327D4F14B00EF49B1 /* ViewModels */,
				477F0B6327D4EBF800A87189 /* Controllers */,
				477F0B3327D4EAE000A87189 /* AppDelegate.swift */,
				477F0B3527D4EAE000A87189 /* SceneDelegate.swift */,
				477F0B3C27D4EAE300A87189 /* Assets.xcassets */,
				477F0B3E27D4EAE300A87189 /* LaunchScreen.storyboard */,
				477F0B4127D4EAE400A87189 /* Info.plist */,
			);
			path = NetflixClone;
			sourceTree = "<group>";
		};
		477F0B4927D4EAE400A87189 /* NetflixCloneTests */ = {
			isa = PBXGroup;
			children = (
				477F0B4A27D4EAE400A87189 /* NetflixCloneTests.swift */,
			);
			path = NetflixCloneTests;
			sourceTree = "<group>";
		};
		477F0B5327D4EAE400A87189 /* NetflixCloneUITests */ = {
			isa = PBXGroup;
			children = (
				477F0B5427D4EAE400A87189 /* NetflixCloneUITests.swift */,
				477F0B5627D4EAE400A87189 /* NetflixCloneUITestsLaunchTests.swift */,
			);
			path = NetflixCloneUITests;
			sourceTree = "<group>";
		};
		477F0B6327D4EBF800A87189 /* Controllers */ = {
			isa = PBXGroup;
			children = (
				47F5F20127D8B499005813F1 /* General */,
				47F5F20027D8B464005813F1 /* Core */,
			);
			path = Controllers;
			sourceTree = "<group>";
		};
		47B74ACF27D4F0F900EF49B1 /* Views */ = {
			isa = PBXGroup;
			children = (
				47B74AD727D4F23D00EF49B1 /* CollectionViewTableViewCell.swift */,
				47B74AD927D525B700EF49B1 /* HeroHeaderUIView.swift */,
				47DC293B27D760BF00F1099E /* TitleCollectionViewCell.swift */,
				47F5F1FA27D7EB15005813F1 /* TitleTableViewCell.swift */,
			);
			path = Views;
			sourceTree = "<group>";
		};
		47B74AD327D4F14B00EF49B1 /* ViewModels */ = {
			isa = PBXGroup;
			children = (
				47F5F1FC27D7ED2E005813F1 /* TitleViewModel.swift */,
			);
			path = ViewModels;
			sourceTree = "<group>";
		};
		47B74AD427D4F15800EF49B1 /* Models */ = {
			isa = PBXGroup;
			children = (
				47B74ADD27D544C500EF49B1 /* Title.swift */,
			);
			path = Models;
			sourceTree = "<group>";
		};
		47B74AD527D4F1F800EF49B1 /* Resources */ = {
			isa = PBXGroup;
			children = (
				47B74ADF27D7555700EF49B1 /* Extensions.swift */,
			);
			path = Resources;
			sourceTree = "<group>";
		};
		47B74AD627D4F20300EF49B1 /* Managers */ = {
			isa = PBXGroup;
			children = (
				47B74ADB27D541F000EF49B1 /* APICaller.swift */,
			);
			path = Managers;
			sourceTree = "<group>";
		};
		47F5F20027D8B464005813F1 /* Core */ = {
			isa = PBXGroup;
			children = (
				477F0B6427D4EC0800A87189 /* HomeViewController.swift */,
				47B74ACB27D4EEB700EF49B1 /* UpcomingViewController.swift */,
				47B74AC927D4EEA200EF49B1 /* SearchViewController.swift */,
				47B74ACD27D4EEC100EF49B1 /* DownloadsViewController.swift */,
				477F0B3727D4EAE000A87189 /* MainTabBarViewController.swift */,
			);
			path = Core;
			sourceTree = "<group>";
		};
		47F5F20127D8B499005813F1 /* General */ = {
			isa = PBXGroup;
			children = (
				47F5F1FE27D8B3B8005813F1 /* SearchResultsViewController.swift */,
			);
			path = General;
			sourceTree = "<group>";
		};
/* End PBXGroup section */

/* Begin PBXNativeTarget section */
		477F0B2F27D4EAE000A87189 /* NetflixClone */ = {
			isa = PBXNativeTarget;
			buildConfigurationList = 477F0B5A27D4EAE400A87189 /* Build configuration list for PBXNativeTarget "NetflixClone" */;
			buildPhases = (
				477F0B2C27D4EAE000A87189 /* Sources */,
				477F0B2D27D4EAE000A87189 /* Frameworks */,
				477F0B2E27D4EAE000A87189 /* Resources */,
			);
			buildRules = (
			);
			dependencies = (
			);
			name = NetflixClone;
			packageProductDependencies = (
				47DC293E27D766B300F1099E /* SDWebImage */,
				47DC294027D766B300F1099E /* SDWebImageMapKit */,
			);
			productName = NetflixClone;
			productReference = 477F0B3027D4EAE000A87189 /* NetflixClone.app */;
			productType = "com.apple.product-type.application";
		};
		477F0B4527D4EAE400A87189 /* NetflixCloneTests */ = {
			isa = PBXNativeTarget;
			buildConfigurationList = 477F0B5D27D4EAE400A87189 /* Build configuration list for PBXNativeTarget "NetflixCloneTests" */;
			buildPhases = (
				477F0B4227D4EAE400A87189 /* Sources */,
				477F0B4327D4EAE400A87189 /* Frameworks */,
				477F0B4427D4EAE400A87189 /* Resources */,
			);
			buildRules = (
			);
			dependencies = (
				477F0B4827D4EAE400A87189 /* PBXTargetDependency */,
			);
			name = NetflixCloneTests;
			productName = NetflixCloneTests;
			productReference = 477F0B4627D4EAE400A87189 /* NetflixCloneTests.xctest */;
			productType = "com.apple.product-type.bundle.unit-test";
		};
		477F0B4F27D4EAE400A87189 /* NetflixCloneUITests */ = {
			isa = PBXNativeTarget;
			buildConfigurationList = 477F0B6027D4EAE400A87189 /* Build configuration list for PBXNativeTarget "NetflixCloneUITests" */;
			buildPhases = (
				477F0B4C27D4EAE400A87189 /* Sources */,
				477F0B4D27D4EAE400A87189 /* Frameworks */,
				477F0B4E27D4EAE400A87189 /* Resources */,
			);
			buildRules = (
			);
			dependencies = (
				477F0B5227D4EAE400A87189 /* PBXTargetDependency */,
			);
			name = NetflixCloneUITests;
			productName = NetflixCloneUITests;
			productReference = 477F0B5027D4EAE400A87189 /* NetflixCloneUITests.xctest */;
			productType = "com.apple.product-type.bundle.ui-testing";
		};
/* End PBXNativeTarget section */

/* Begin PBXProject section */
		477F0B2827D4EAE000A87189 /* Project object */ = {
			isa = PBXProject;
			attributes = {
				BuildIndependentTargetsInParallel = 1;
				LastSwiftUpdateCheck = 1320;
				LastUpgradeCheck = 1320;
				TargetAttributes = {
					477F0B2F27D4EAE000A87189 = {
						CreatedOnToolsVersion = 13.2.1;
					};
					477F0B4527D4EAE400A87189 = {
						CreatedOnToolsVersion = 13.2.1;
						TestTargetID = 477F0B2F27D4EAE000A87189;
					};
					477F0B4F27D4EAE400A87189 = {
						CreatedOnToolsVersion = 13.2.1;
						TestTargetID = 477F0B2F27D4EAE000A87189;
					};
				};
			};
			buildConfigurationList = 477F0B2B27D4EAE000A87189 /* Build configuration list for PBXProject "NetflixClone" */;
			compatibilityVersion = "Xcode 13.0";
			developmentRegion = en;
			hasScannedForEncodings = 0;
			knownRegions = (
				en,
				Base,
			);
			mainGroup = 477F0B2727D4EAE000A87189;
			packageReferences = (
				47DC293D27D766B200F1099E /* XCRemoteSwiftPackageReference "SDWebImage" */,
			);
			productRefGroup = 477F0B3127D4EAE000A87189 /* Products */;
			projectDirPath = "";
			projectRoot = "";
			targets = (
				477F0B2F27D4EAE000A87189 /* NetflixClone */,
				477F0B4527D4EAE400A87189 /* NetflixCloneTests */,
				477F0B4F27D4EAE400A87189 /* NetflixCloneUITests */,
			);
		};
/* End PBXProject section */

/* Begin PBXResourcesBuildPhase section */
		477F0B2E27D4EAE000A87189 /* Resources */ = {
			isa = PBXResourcesBuildPhase;
			buildActionMask = 2147483647;
			files = (
				477F0B4027D4EAE300A87189 /* LaunchScreen.storyboard in Resources */,
				477F0B3D27D4EAE300A87189 /* Assets.xcassets in Resources */,
			);
			runOnlyForDeploymentPostprocessing = 0;
		};
		477F0B4427D4EAE400A87189 /* Resources */ = {
			isa = PBXResourcesBuildPhase;
			buildActionMask = 2147483647;
			files = (
			);
			runOnlyForDeploymentPostprocessing = 0;
		};
		477F0B4E27D4EAE400A87189 /* Resources */ = {
			isa = PBXResourcesBuildPhase;
			buildActionMask = 2147483647;
			files = (
			);
			runOnlyForDeploymentPostprocessing = 0;
		};
/* End PBXResourcesBuildPhase section */

/* Begin PBXSourcesBuildPhase section */
		477F0B2C27D4EAE000A87189 /* Sources */ = {
			isa = PBXSourcesBuildPhase;
			buildActionMask = 2147483647;
			files = (
				47F5F1FB27D7EB15005813F1 /* TitleTableViewCell.swift in Sources */,
				47B74ACC27D4EEB700EF49B1 /* UpcomingViewController.swift in Sources */,
				47DC293C27D760BF00F1099E /* TitleCollectionViewCell.swift in Sources */,
				47B74ACA27D4EEA200EF49B1 /* SearchViewController.swift in Sources */,
				47B74AD827D4F23E00EF49B1 /* CollectionViewTableViewCell.swift in Sources */,
				47B74ADC27D541F000EF49B1 /* APICaller.swift in Sources */,
				47B74ADA27D525B700EF49B1 /* HeroHeaderUIView.swift in Sources */,
				47B74ACE27D4EEC100EF49B1 /* DownloadsViewController.swift in Sources */,
				477F0B3827D4EAE000A87189 /* MainTabBarViewController.swift in Sources */,
				47F5F1FF27D8B3B8005813F1 /* SearchResultsViewController.swift in Sources */,
				47B74AE027D7555700EF49B1 /* Extensions.swift in Sources */,
				477F0B3427D4EAE000A87189 /* AppDelegate.swift in Sources */,
				477F0B3627D4EAE000A87189 /* SceneDelegate.swift in Sources */,
				47B74ADE27D544C500EF49B1 /* Title.swift in Sources */,
				477F0B6527D4EC0800A87189 /* HomeViewController.swift in Sources */,
				47F5F1FD27D7ED2E005813F1 /* TitleViewModel.swift in Sources */,
			);
			runOnlyForDeploymentPostprocessing = 0;
		};
		477F0B4227D4EAE400A87189 /* Sources */ = {
			isa = PBXSourcesBuildPhase;
			buildActionMask = 2147483647;
			files = (
				477F0B4B27D4EAE400A87189 /* NetflixCloneTests.swift in Sources */,
			);
			runOnlyForDeploymentPostprocessing = 0;
		};
		477F0B4C27D4EAE400A87189 /* Sources */ = {
			isa = PBXSourcesBuildPhase;
			buildActionMask = 2147483647;
			files = (
				477F0B5527D4EAE400A87189 /* NetflixCloneUITests.swift in Sources */,
				477F0B5727D4EAE400A87189 /* NetflixCloneUITestsLaunchTests.swift in Sources */,
			);
			runOnlyForDeploymentPostprocessing = 0;
		};
/* End PBXSourcesBuildPhase section */

/* Begin PBXTargetDependency section */
		477F0B4827D4EAE400A87189 /* PBXTargetDependency */ = {
			isa = PBXTargetDependency;
			target = 477F0B2F27D4EAE000A87189 /* NetflixClone */;
			targetProxy = 477F0B4727D4EAE400A87189 /* PBXContainerItemProxy */;
		};
		477F0B5227D4EAE400A87189 /* PBXTargetDependency */ = {
			isa = PBXTargetDependency;
			target = 477F0B2F27D4EAE000A87189 /* NetflixClone */;
			targetProxy = 477F0B5127D4EAE400A87189 /* PBXContainerItemProxy */;
		};
/* End PBXTargetDependency section */

/* Begin PBXVariantGroup section */
		477F0B3E27D4EAE300A87189 /* LaunchScreen.storyboard */ = {
			isa = PBXVariantGroup;
			children = (
				477F0B3F27D4EAE300A87189 /* Base */,
			);
			name = LaunchScreen.storyboard;
			sourceTree = "<group>";
		};
/* End PBXVariantGroup section */

/* Begin XCBuildConfiguration section */
		477F0B5827D4EAE400A87189 /* Debug */ = {
			isa = XCBuildConfiguration;
			buildSettings = {
				ALWAYS_SEARCH_USER_PATHS = NO;
				CLANG_ANALYZER_NONNULL = YES;
				CLANG_ANALYZER_NUMBER_OBJECT_CONVERSION = YES_AGGRESSIVE;
				CLANG_CXX_LANGUAGE_STANDARD = "gnu++17";
				CLANG_CXX_LIBRARY = "libc++";
				CLANG_ENABLE_MODULES = YES;
				CLANG_ENABLE_OBJC_ARC = YES;
				CLANG_ENABLE_OBJC_WEAK = YES;
				CLANG_WARN_BLOCK_CAPTURE_AUTORELEASING = YES;
				CLANG_WARN_BOOL_CONVERSION = YES;
				CLANG_WARN_COMMA = YES;
				CLANG_WARN_CONSTANT_CONVERSION = YES;
				CLANG_WARN_DEPRECATED_OBJC_IMPLEMENTATIONS = YES;
				CLANG_WARN_DIRECT_OBJC_ISA_USAGE = YES_ERROR;
				CLANG_WARN_DOCUMENTATION_COMMENTS = YES;
				CLANG_WARN_EMPTY_BODY = YES;
				CLANG_WARN_ENUM_CONVERSION = YES;
				CLANG_WARN_INFINITE_RECURSION = YES;
				CLANG_WARN_INT_CONVERSION = YES;
				CLANG_WARN_NON_LITERAL_NULL_CONVERSION = YES;
				CLANG_WARN_OBJC_IMPLICIT_RETAIN_SELF = YES;
				CLANG_WARN_OBJC_LITERAL_CONVERSION = YES;
				CLANG_WARN_OBJC_ROOT_CLASS = YES_ERROR;
				CLANG_WARN_QUOTED_INCLUDE_IN_FRAMEWORK_HEADER = YES;
				CLANG_WARN_RANGE_LOOP_ANALYSIS = YES;
				CLANG_WARN_STRICT_PROTOTYPES = YES;
				CLANG_WARN_SUSPICIOUS_MOVE = YES;
				CLANG_WARN_UNGUARDED_AVAILABILITY = YES_AGGRESSIVE;
				CLANG_WARN_UNREACHABLE_CODE = YES;
				CLANG_WARN__DUPLICATE_METHOD_MATCH = YES;
				COPY_PHASE_STRIP = NO;
				DEBUG_INFORMATION_FORMAT = dwarf;
				ENABLE_STRICT_OBJC_MSGSEND = YES;
				ENABLE_TESTABILITY = YES;
				GCC_C_LANGUAGE_STANDARD = gnu11;
				GCC_DYNAMIC_NO_PIC = NO;
				GCC_NO_COMMON_BLOCKS = YES;
				GCC_OPTIMIZATION_LEVEL = 0;
				GCC_PREPROCESSOR_DEFINITIONS = (
					"DEBUG=1",
					"$(inherited)",
				);
				GCC_WARN_64_TO_32_BIT_CONVERSION = YES;
				GCC_WARN_ABOUT_RETURN_TYPE = YES_ERROR;
				GCC_WARN_UNDECLARED_SELECTOR = YES;
				GCC_WARN_UNINITIALIZED_AUTOS = YES_AGGRESSIVE;
				GCC_WARN_UNUSED_FUNCTION = YES;
				GCC_WARN_UNUSED_VARIABLE = YES;
				IPHONEOS_DEPLOYMENT_TARGET = 15.2;
				MTL_ENABLE_DEBUG_INFO = INCLUDE_SOURCE;
				MTL_FAST_MATH = YES;
				ONLY_ACTIVE_ARCH = YES;
				SDKROOT = iphoneos;
				SWIFT_ACTIVE_COMPILATION_CONDITIONS = DEBUG;
				SWIFT_OPTIMIZATION_LEVEL = "-Onone";
			};
			name = Debug;
		};
		477F0B5927D4EAE400A87189 /* Release */ = {
			isa = XCBuildConfiguration;
			buildSettings = {
				ALWAYS_SEARCH_USER_PATHS = NO;
				CLANG_ANALYZER_NONNULL = YES;
				CLANG_ANALYZER_NUMBER_OBJECT_CONVERSION = YES_AGGRESSIVE;
				CLANG_CXX_LANGUAGE_STANDARD = "gnu++17";
				CLANG_CXX_LIBRARY = "libc++";
				CLANG_ENABLE_MODULES = YES;
				CLANG_ENABLE_OBJC_ARC = YES;
				CLANG_ENABLE_OBJC_WEAK = YES;
				CLANG_WARN_BLOCK_CAPTURE_AUTORELEASING = YES;
				CLANG_WARN_BOOL_CONVERSION = YES;
				CLANG_WARN_COMMA = YES;
				CLANG_WARN_CONSTANT_CONVERSION = YES;
				CLANG_WARN_DEPRECATED_OBJC_IMPLEMENTATIONS = YES;
				CLANG_WARN_DIRECT_OBJC_ISA_USAGE = YES_ERROR;
				CLANG_WARN_DOCUMENTATION_COMMENTS = YES;
				CLANG_WARN_EMPTY_BODY = YES;
				CLANG_WARN_ENUM_CONVERSION = YES;
				CLANG_WARN_INFINITE_RECURSION = YES;
				CLANG_WARN_INT_CONVERSION = YES;
				CLANG_WARN_NON_LITERAL_NULL_CONVERSION = YES;
				CLANG_WARN_OBJC_IMPLICIT_RETAIN_SELF = YES;
				CLANG_WARN_OBJC_LITERAL_CONVERSION = YES;
				CLANG_WARN_OBJC_ROOT_CLASS = YES_ERROR;
				CLANG_WARN_QUOTED_INCLUDE_IN_FRAMEWORK_HEADER = YES;
				CLANG_WARN_RANGE_LOOP_ANALYSIS = YES;
				CLANG_WARN_STRICT_PROTOTYPES = YES;
				CLANG_WARN_SUSPICIOUS_MOVE = YES;
				CLANG_WARN_UNGUARDED_AVAILABILITY = YES_AGGRESSIVE;
				CLANG_WARN_UNREACHABLE_CODE = YES;
				CLANG_WARN__DUPLICATE_METHOD_MATCH = YES;
				COPY_PHASE_STRIP = NO;
				DEBUG_INFORMATION_FORMAT = "dwarf-with-dsym";
				ENABLE_NS_ASSERTIONS = NO;
				ENABLE_STRICT_OBJC_MSGSEND = YES;
				GCC_C_LANGUAGE_STANDARD = gnu11;
				GCC_NO_COMMON_BLOCKS = YES;
				GCC_WARN_64_TO_32_BIT_CONVERSION = YES;
				GCC_WARN_ABOUT_RETURN_TYPE = YES_ERROR;
				GCC_WARN_UNDECLARED_SELECTOR = YES;
				GCC_WARN_UNINITIALIZED_AUTOS = YES_AGGRESSIVE;
				GCC_WARN_UNUSED_FUNCTION = YES;
				GCC_WARN_UNUSED_VARIABLE = YES;
				IPHONEOS_DEPLOYMENT_TARGET = 15.2;
				MTL_ENABLE_DEBUG_INFO = NO;
				MTL_FAST_MATH = YES;
				SDKROOT = iphoneos;
				SWIFT_COMPILATION_MODE = wholemodule;
				SWIFT_OPTIMIZATION_LEVEL = "-O";
				VALIDATE_PRODUCT = YES;
			};
			name = Release;
		};
		477F0B5B27D4EAE400A87189 /* Debug */ = {
			isa = XCBuildConfiguration;
			buildSettings = {
				ASSETCATALOG_COMPILER_APPICON_NAME = AppIcon;
				ASSETCATALOG_COMPILER_GLOBAL_ACCENT_COLOR_NAME = AccentColor;
				CODE_SIGN_STYLE = Automatic;
				CURRENT_PROJECT_VERSION = 1;
				DEVELOPMENT_TEAM = F4LDTLBPTZ;
				GENERATE_INFOPLIST_FILE = YES;
				INFOPLIST_FILE = NetflixClone/Info.plist;
				INFOPLIST_KEY_UIApplicationSupportsIndirectInputEvents = YES;
				INFOPLIST_KEY_UILaunchStoryboardName = LaunchScreen;
				INFOPLIST_KEY_UIMainStoryboardFile = LaunchScreen;
				INFOPLIST_KEY_UISupportedInterfaceOrientations_iPad = "UIInterfaceOrientationPortrait UIInterfaceOrientationPortraitUpsideDown UIInterfaceOrientationLandscapeLeft UIInterfaceOrientationLandscapeRight";
				INFOPLIST_KEY_UISupportedInterfaceOrientations_iPhone = "UIInterfaceOrientationPortrait UIInterfaceOrientationLandscapeLeft UIInterfaceOrientationLandscapeRight";
				LD_RUNPATH_SEARCH_PATHS = (
					"$(inherited)",
					"@executable_path/Frameworks",
				);
				MARKETING_VERSION = 1.0;
				PRODUCT_BUNDLE_IDENTIFIER = com.mehmetalicakir.NetflixClone;
				PRODUCT_NAME = "$(TARGET_NAME)";
				SWIFT_EMIT_LOC_STRINGS = YES;
				SWIFT_VERSION = 5.0;
				TARGETED_DEVICE_FAMILY = "1,2";
			};
			name = Debug;
		};
		477F0B5C27D4EAE400A87189 /* Release */ = {
			isa = XCBuildConfiguration;
			buildSettings = {
				ASSETCATALOG_COMPILER_APPICON_NAME = AppIcon;
				ASSETCATALOG_COMPILER_GLOBAL_ACCENT_COLOR_NAME = AccentColor;
				CODE_SIGN_STYLE = Automatic;
				CURRENT_PROJECT_VERSION = 1;
				DEVELOPMENT_TEAM = F4LDTLBPTZ;
				GENERATE_INFOPLIST_FILE = YES;
				INFOPLIST_FILE = NetflixClone/Info.plist;
				INFOPLIST_KEY_UIApplicationSupportsIndirectInputEvents = YES;
				INFOPLIST_KEY_UILaunchStoryboardName = LaunchScreen;
				INFOPLIST_KEY_UIMainStoryboardFile = LaunchScreen;
				INFOPLIST_KEY_UISupportedInterfaceOrientations_iPad = "UIInterfaceOrientationPortrait UIInterfaceOrientationPortraitUpsideDown UIInterfaceOrientationLandscapeLeft UIInterfaceOrientationLandscapeRight";
				INFOPLIST_KEY_UISupportedInterfaceOrientations_iPhone = "UIInterfaceOrientationPortrait UIInterfaceOrientationLandscapeLeft UIInterfaceOrientationLandscapeRight";
				LD_RUNPATH_SEARCH_PATHS = (
					"$(inherited)",
					"@executable_path/Frameworks",
				);
				MARKETING_VERSION = 1.0;
				PRODUCT_BUNDLE_IDENTIFIER = com.mehmetalicakir.NetflixClone;
				PRODUCT_NAME = "$(TARGET_NAME)";
				SWIFT_EMIT_LOC_STRINGS = YES;
				SWIFT_VERSION = 5.0;
				TARGETED_DEVICE_FAMILY = "1,2";
			};
			name = Release;
		};
		477F0B5E27D4EAE400A87189 /* Debug */ = {
			isa = XCBuildConfiguration;
			buildSettings = {
				ALWAYS_EMBED_SWIFT_STANDARD_LIBRARIES = YES;
				BUNDLE_LOADER = "$(TEST_HOST)";
				CODE_SIGN_STYLE = Automatic;
				CURRENT_PROJECT_VERSION = 1;
				DEVELOPMENT_TEAM = F4LDTLBPTZ;
				GENERATE_INFOPLIST_FILE = YES;
				IPHONEOS_DEPLOYMENT_TARGET = 15.2;
				MARKETING_VERSION = 1.0;
				PRODUCT_BUNDLE_IDENTIFIER = com.mehmetalicakir.NetflixCloneTests;
				PRODUCT_NAME = "$(TARGET_NAME)";
				SWIFT_EMIT_LOC_STRINGS = NO;
				SWIFT_VERSION = 5.0;
				TARGETED_DEVICE_FAMILY = "1,2";
				TEST_HOST = "$(BUILT_PRODUCTS_DIR)/NetflixClone.app/NetflixClone";
			};
			name = Debug;
		};
		477F0B5F27D4EAE400A87189 /* Release */ = {
			isa = XCBuildConfiguration;
			buildSettings = {
				ALWAYS_EMBED_SWIFT_STANDARD_LIBRARIES = YES;
				BUNDLE_LOADER = "$(TEST_HOST)";
				CODE_SIGN_STYLE = Automatic;
				CURRENT_PROJECT_VERSION = 1;
				DEVELOPMENT_TEAM = F4LDTLBPTZ;
				GENERATE_INFOPLIST_FILE = YES;
				IPHONEOS_DEPLOYMENT_TARGET = 15.2;
				MARKETING_VERSION = 1.0;
				PRODUCT_BUNDLE_IDENTIFIER = com.mehmetalicakir.NetflixCloneTests;
				PRODUCT_NAME = "$(TARGET_NAME)";
				SWIFT_EMIT_LOC_STRINGS = NO;
				SWIFT_VERSION = 5.0;
				TARGETED_DEVICE_FAMILY = "1,2";
				TEST_HOST = "$(BUILT_PRODUCTS_DIR)/NetflixClone.app/NetflixClone";
			};
			name = Release;
		};
		477F0B6127D4EAE400A87189 /* Debug */ = {
			isa = XCBuildConfiguration;
			buildSettings = {
				ALWAYS_EMBED_SWIFT_STANDARD_LIBRARIES = YES;
				CODE_SIGN_STYLE = Automatic;
				CURRENT_PROJECT_VERSION = 1;
				DEVELOPMENT_TEAM = F4LDTLBPTZ;
				GENERATE_INFOPLIST_FILE = YES;
				MARKETING_VERSION = 1.0;
				PRODUCT_BUNDLE_IDENTIFIER = com.mehmetalicakir.NetflixCloneUITests;
				PRODUCT_NAME = "$(TARGET_NAME)";
				SWIFT_EMIT_LOC_STRINGS = NO;
				SWIFT_VERSION = 5.0;
				TARGETED_DEVICE_FAMILY = "1,2";
				TEST_TARGET_NAME = NetflixClone;
			};
			name = Debug;
		};
		477F0B6227D4EAE400A87189 /* Release */ = {
			isa = XCBuildConfiguration;
			buildSettings = {
				ALWAYS_EMBED_SWIFT_STANDARD_LIBRARIES = YES;
				CODE_SIGN_STYLE = Automatic;
				CURRENT_PROJECT_VERSION = 1;
				DEVELOPMENT_TEAM = F4LDTLBPTZ;
				GENERATE_INFOPLIST_FILE = YES;
				MARKETING_VERSION = 1.0;
				PRODUCT_BUNDLE_IDENTIFIER = com.mehmetalicakir.NetflixCloneUITests;
				PRODUCT_NAME = "$(TARGET_NAME)";
				SWIFT_EMIT_LOC_STRINGS = NO;
				SWIFT_VERSION = 5.0;
				TARGETED_DEVICE_FAMILY = "1,2";
				TEST_TARGET_NAME = NetflixClone;
			};
			name = Release;
		};
/* End XCBuildConfiguration section */

/* Begin XCConfigurationList section */
		477F0B2B27D4EAE000A87189 /* Build configuration list for PBXProject "NetflixClone" */ = {
			isa = XCConfigurationList;
			buildConfigurations = (
				477F0B5827D4EAE400A87189 /* Debug */,
				477F0B5927D4EAE400A87189 /* Release */,
			);
			defaultConfigurationIsVisible = 0;
			defaultConfigurationName = Release;
		};
		477F0B5A27D4EAE400A87189 /* Build configuration list for PBXNativeTarget "NetflixClone" */ = {
			isa = XCConfigurationList;
			buildConfigurations = (
				477F0B5B27D4EAE400A87189 /* Debug */,
				477F0B5C27D4EAE400A87189 /* Release */,
			);
			defaultConfigurationIsVisible = 0;
			defaultConfigurationName = Release;
		};
		477F0B5D27D4EAE400A87189 /* Build configuration list for PBXNativeTarget "NetflixCloneTests" */ = {
			isa = XCConfigurationList;
			buildConfigurations = (
				477F0B5E27D4EAE400A87189 /* Debug */,
				477F0B5F27D4EAE400A87189 /* Release */,
			);
			defaultConfigurationIsVisible = 0;
			defaultConfigurationName = Release;
		};
		477F0B6027D4EAE400A87189 /* Build configuration list for PBXNativeTarget "NetflixCloneUITests" */ = {
			isa = XCConfigurationList;
			buildConfigurations = (
				477F0B6127D4EAE400A87189 /* Debug */,
				477F0B6227D4EAE400A87189 /* Release */,
			);
			defaultConfigurationIsVisible = 0;
			defaultConfigurationName = Release;
		};
/* End XCConfigurationList section */

/* Begin XCRemoteSwiftPackageReference section */
		47DC293D27D766B200F1099E /* XCRemoteSwiftPackageReference "SDWebImage" */ = {
			isa = XCRemoteSwiftPackageReference;
			repositoryURL = "https://github.com/SDWebImage/SDWebImage.git";
			requirement = {
				branch = master;
				kind = branch;
			};
		};
/* End XCRemoteSwiftPackageReference section */

/* Begin XCSwiftPackageProductDependency section */
		47DC293E27D766B300F1099E /* SDWebImage */ = {
			isa = XCSwiftPackageProductDependency;
			package = 47DC293D27D766B200F1099E /* XCRemoteSwiftPackageReference "SDWebImage" */;
			productName = SDWebImage;
		};
		47DC294027D766B300F1099E /* SDWebImageMapKit */ = {
			isa = XCSwiftPackageProductDependency;
			package = 47DC293D27D766B200F1099E /* XCRemoteSwiftPackageReference "SDWebImage" */;
			productName = SDWebImageMapKit;
		};
/* End XCSwiftPackageProductDependency section */
	};
	rootObject = 477F0B2827D4EAE000A87189 /* Project object */;
}
